
Microsoft Visual Studio Solution File, Format Version 12.00
# Visual Studio Version 17
VisualStudioVersion = 17.8.34330.188
MinimumVisualStudioVersion = 10.0.40219.1
Project("{FAE04EC0-301F-11D3-BF4B-00C04F79EFBC}") = "CSHARP25012002", "CSHARP25012002.csproj", "{B2286463-565D-4799-ADD1-6BDF81004795}"
EndProject
Global
	GlobalSection(SolutionConfigurationPlatforms) = preSolution
		Debug|Any CPU = Debug|Any CPU
		Release|Any CPU = Release|Any CPU
	EndGlobalSection
	GlobalSection(ProjectConfigurationPlatforms) = postSolution
		{B2286463-565D-4799-ADD1-6BDF81004795}.Debug|Any CPU.ActiveCfg = Debug|Any CPU
		{B2286463-565D-4799-ADD1-6BDF81004795}.Debug|Any CPU.Build.0 = Debug|Any CPU
		{B2286463-565D-4799-ADD1-6BDF81004795}.Release|Any CPU.ActiveCfg = Release|Any CPU
		{B2286463-565D-4799-ADD1-6BDF81004795}.Release|Any CPU.Build.0 = Release|Any CPU
	EndGlobalSection
	GlobalSection(SolutionProperties) = preSolution
		HideSolutionNode = FALSE
	EndGlobalSection
	GlobalSection(ExtensibilityGlobals) = postSolution
		SolutionGuid = {6CF2AFDA-25B9-42C5-A1B3-D2A09C706C40}
	EndGlobalSection
EndGlobal
